
Microsoft Visual Studio Solution File, Format Version 12.00
# Visual Studio Version 17
VisualStudioVersion = 17.2.32630.192
MinimumVisualStudioVersion = 10.0.40219.1
Project("{9A19103F-16F7-4668-BE54-9A1E7A4F7556}") = "Election.API", "Election.API\Election.API.csproj", "{612B31E2-B5D6-48B2-85AF-FD11F6D31C39}"
EndProject
Project("{9A19103F-16F7-4668-BE54-9A1E7A4F7556}") = "Election.CORE", "Election.CORE\Election.CORE.csproj", "{68446DAA-02B4-47E4-A755-E43EC6CC8CB2}"
EndProject
Project("{9A19103F-16F7-4668-BE54-9A1E7A4F7556}") = "Election.INFR", "Election.INFR\Election.INFR.csproj", "{245C59C7-A0B3-4ADD-81A7-EB5AC767C683}"
EndProject
Project("{FAE04EC0-301F-11D3-BF4B-00C04F79EFBC}") = "EmailService", "EmailService\EmailService.csproj", "{EFE0818F-C749-4EA3-9B3E-9D3CBBF5CB5A}"
EndProject
Global
	GlobalSection(SolutionConfigurationPlatforms) = preSolution
		Debug|Any CPU = Debug|Any CPU
		Release|Any CPU = Release|Any CPU
	EndGlobalSection
	GlobalSection(ProjectConfigurationPlatforms) = postSolution
		{612B31E2-B5D6-48B2-85AF-FD11F6D31C39}.Debug|Any CPU.ActiveCfg = Debug|Any CPU
		{612B31E2-B5D6-48B2-85AF-FD11F6D31C39}.Debug|Any CPU.Build.0 = Debug|Any CPU
		{612B31E2-B5D6-48B2-85AF-FD11F6D31C39}.Release|Any CPU.ActiveCfg = Release|Any CPU
		{612B31E2-B5D6-48B2-85AF-FD11F6D31C39}.Release|Any CPU.Build.0 = Release|Any CPU
		{68446DAA-02B4-47E4-A755-E43EC6CC8CB2}.Debug|Any CPU.ActiveCfg = Debug|Any CPU
		{68446DAA-02B4-47E4-A755-E43EC6CC8CB2}.Debug|Any CPU.Build.0 = Debug|Any CPU
		{68446DAA-02B4-47E4-A755-E43EC6CC8CB2}.Release|Any CPU.ActiveCfg = Release|Any CPU
		{68446DAA-02B4-47E4-A755-E43EC6CC8CB2}.Release|Any CPU.Build.0 = Release|Any CPU
		{245C59C7-A0B3-4ADD-81A7-EB5AC767C683}.Debug|Any CPU.ActiveCfg = Debug|Any CPU
		{245C59C7-A0B3-4ADD-81A7-EB5AC767C683}.Debug|Any CPU.Build.0 = Debug|Any CPU
		{245C59C7-A0B3-4ADD-81A7-EB5AC767C683}.Release|Any CPU.ActiveCfg = Release|Any CPU
		{245C59C7-A0B3-4ADD-81A7-EB5AC767C683}.Release|Any CPU.Build.0 = Release|Any CPU
		{EFE0818F-C749-4EA3-9B3E-9D3CBBF5CB5A}.Debug|Any CPU.ActiveCfg = Debug|Any CPU
		{EFE0818F-C749-4EA3-9B3E-9D3CBBF5CB5A}.Debug|Any CPU.Build.0 = Debug|Any CPU
		{EFE0818F-C749-4EA3-9B3E-9D3CBBF5CB5A}.Release|Any CPU.ActiveCfg = Release|Any CPU
		{EFE0818F-C749-4EA3-9B3E-9D3CBBF5CB5A}.Release|Any CPU.Build.0 = Release|Any CPU
	EndGlobalSection
	GlobalSection(SolutionProperties) = preSolution
		HideSolutionNode = FALSE
	EndGlobalSection
	GlobalSection(ExtensibilityGlobals) = postSolution
		SolutionGuid = {09B722CE-6597-4C58-8FF6-DB3F998A5A61}
	EndGlobalSection
EndGlobal
